PODS:
  - Flutter (1.0.0)
  - starxpand (0.0.1):
    - Flutter

DEPENDENCIES:
  - Flutter (from `Flutter`)
  - starxpand (from `.symlinks/plugins/starxpand/ios`)

EXTERNAL SOURCES:
  Flutter:
    :path: Flutter
  starxpand:
    :path: ".symlinks/plugins/starxpand/ios"

SPEC CHECKSUMS:
  Flutter: 50d75fe2f02b26cc09d224853bb45737f8b3214a
  starxpand: f25ce146b09a422c7f243e03a516bcee66f77ccd

PODFILE CHECKSUM: cc1f88378b4bfcf93a6ce00d2c587857c6008d3b

COCOAPODS: 1.11.3
